
Microsoft Visual Studio Solution File, Format Version 12.00
# Visual Studio 15
VisualStudioVersion = 15.0.27428.2043
MinimumVisualStudioVersion = 10.0.40219.1
Project("{FAE04EC0-301F-11D3-BF4B-00C04F79EFBC}") = "WpfApp1", "WpfApp1\WpfApp1.csproj", "{D2324FEF-6A57-4B1D-8F5D-B3D30A26E93B}"
EndProject
Global
	GlobalSection(SolutionConfigurationPlatforms) = preSolution
		Debug|Any CPU = Debug|Any CPU
		Release|Any CPU = Release|Any CPU
	EndGlobalSection
	GlobalSection(ProjectConfigurationPlatforms) = postSolution
		{D2324FEF-6A57-4B1D-8F5D-B3D30A26E93B}.Debug|Any CPU.ActiveCfg = Debug|Any CPU
		{D2324FEF-6A57-4B1D-8F5D-B3D30A26E93B}.Debug|Any CPU.Build.0 = Debug|Any CPU
		{D2324FEF-6A57-4B1D-8F5D-B3D30A26E93B}.Release|Any CPU.ActiveCfg = Release|Any CPU
		{D2324FEF-6A57-4B1D-8F5D-B3D30A26E93B}.Release|Any CPU.Build.0 = Release|Any CPU
	EndGlobalSection
	GlobalSection(SolutionProperties) = preSolution
		HideSolutionNode = FALSE
	EndGlobalSection
	GlobalSection(ExtensibilityGlobals) = postSolution
		SolutionGuid = {19D6DADC-1E8F-494A-998C-B59B96DF7D14}
	EndGlobalSection
EndGlobal
